
Microsoft Visual Studio Solution File, Format Version 12.00
# Visual Studio 15
VisualStudioVersion = 15.0.28307.572
MinimumVisualStudioVersion = 10.0.40219.1
Project("{FAE04EC0-301F-11D3-BF4B-00C04F79EFBC}") = "ProjectCleaner", "ProjectCleaner\ProjectCleaner.csproj", "{5ECB4F31-8C21-4B25-A0AC-70D1F0D390D1}"
EndProject
Project("{8BC9CEB8-8B4A-11D0-8D11-00A0C91BC942}") = "FileOperate", "FileOperate\FileOperate.vcxproj", "{39B50927-6F0A-4960-AFA3-1983157FAB66}"
EndProject
Global
	GlobalSection(SolutionConfigurationPlatforms) = preSolution
		Debug|Any CPU = Debug|Any CPU
		Debug|x64 = Debug|x64
		Debug|x86 = Debug|x86
		Release|Any CPU = Release|Any CPU
		Release|x64 = Release|x64
		Release|x86 = Release|x86
	EndGlobalSection
	GlobalSection(ProjectConfigurationPlatforms) = postSolution
		{5ECB4F31-8C21-4B25-A0AC-70D1F0D390D1}.Debug|Any CPU.ActiveCfg = Debug|Any CPU
		{5ECB4F31-8C21-4B25-A0AC-70D1F0D390D1}.Debug|Any CPU.Build.0 = Debug|Any CPU
		{5ECB4F31-8C21-4B25-A0AC-70D1F0D390D1}.Debug|x64.ActiveCfg = Debug|Any CPU
		{5ECB4F31-8C21-4B25-A0AC-70D1F0D390D1}.Debug|x64.Build.0 = Debug|Any CPU
		{5ECB4F31-8C21-4B25-A0AC-70D1F0D390D1}.Debug|x86.ActiveCfg = Debug|Any CPU
		{5ECB4F31-8C21-4B25-A0AC-70D1F0D390D1}.Debug|x86.Build.0 = Debug|Any CPU
		{5ECB4F31-8C21-4B25-A0AC-70D1F0D390D1}.Release|Any CPU.ActiveCfg = Release|Any CPU
		{5ECB4F31-8C21-4B25-A0AC-70D1F0D390D1}.Release|Any CPU.Build.0 = Release|Any CPU
		{5ECB4F31-8C21-4B25-A0AC-70D1F0D390D1}.Release|x64.ActiveCfg = Release|Any CPU
		{5ECB4F31-8C21-4B25-A0AC-70D1F0D390D1}.Release|x64.Build.0 = Release|Any CPU
		{5ECB4F31-8C21-4B25-A0AC-70D1F0D390D1}.Release|x86.ActiveCfg = Release|Any CPU
		{5ECB4F31-8C21-4B25-A0AC-70D1F0D390D1}.Release|x86.Build.0 = Release|Any CPU
		{39B50927-6F0A-4960-AFA3-1983157FAB66}.Debug|Any CPU.ActiveCfg = Debug|Win32
		{39B50927-6F0A-4960-AFA3-1983157FAB66}.Debug|x64.ActiveCfg = Debug|x64
		{39B50927-6F0A-4960-AFA3-1983157FAB66}.Debug|x64.Build.0 = Debug|x64
		{39B50927-6F0A-4960-AFA3-1983157FAB66}.Debug|x86.ActiveCfg = Debug|Win32
		{39B50927-6F0A-4960-AFA3-1983157FAB66}.Debug|x86.Build.0 = Debug|Win32
		{39B50927-6F0A-4960-AFA3-1983157FAB66}.Release|Any CPU.ActiveCfg = Release|Win32
		{39B50927-6F0A-4960-AFA3-1983157FAB66}.Release|x64.ActiveCfg = Release|x64
		{39B50927-6F0A-4960-AFA3-1983157FAB66}.Release|x64.Build.0 = Release|x64
		{39B50927-6F0A-4960-AFA3-1983157FAB66}.Release|x86.ActiveCfg = Release|Win32
		{39B50927-6F0A-4960-AFA3-1983157FAB66}.Release|x86.Build.0 = Release|Win32
	EndGlobalSection
	GlobalSection(SolutionProperties) = preSolution
		HideSolutionNode = FALSE
	EndGlobalSection
	GlobalSection(ExtensibilityGlobals) = postSolution
		SolutionGuid = {FE3E0F00-C59A-442B-A479-1F98396F0748}
	EndGlobalSection
EndGlobal
